
Microsoft Visual Studio Solution File, Format Version 12.00
# Visual Studio Version 16
VisualStudioVersion = 16.0.30413.136
MinimumVisualStudioVersion = 10.0.40219.1
Project("{FAE04EC0-301F-11D3-BF4B-00C04F79EFBC}") = "Calculator", "Calculator\Calculator.csproj", "{A885D03C-0F71-4C48-8E3F-FAA493F1626B}"
EndProject
Global
	GlobalSection(SolutionConfigurationPlatforms) = preSolution
		Debug|Any CPU = Debug|Any CPU
		Release|Any CPU = Release|Any CPU
	EndGlobalSection
	GlobalSection(ProjectConfigurationPlatforms) = postSolution
		{A885D03C-0F71-4C48-8E3F-FAA493F1626B}.Debug|Any CPU.ActiveCfg = Debug|Any CPU
		{A885D03C-0F71-4C48-8E3F-FAA493F1626B}.Debug|Any CPU.Build.0 = Debug|Any CPU
		{A885D03C-0F71-4C48-8E3F-FAA493F1626B}.Release|Any CPU.ActiveCfg = Release|Any CPU
		{A885D03C-0F71-4C48-8E3F-FAA493F1626B}.Release|Any CPU.Build.0 = Release|Any CPU
	EndGlobalSection
	GlobalSection(SolutionProperties) = preSolution
		HideSolutionNode = FALSE
	EndGlobalSection
	GlobalSection(ExtensibilityGlobals) = postSolution
		SolutionGuid = {39EA24B7-A473-4EE1-B835-CD4AB97A89CD}
	EndGlobalSection
EndGlobal
